
Microsoft Visual Studio Solution File, Format Version 12.00
# Visual Studio Version 16
VisualStudioVersion = 16.0.31313.79
MinimumVisualStudioVersion = 10.0.40219.1
Project("{FAE04EC0-301F-11D3-BF4B-00C04F79EFBC}") = "PickACardUI", "PickACardUI\PickACardUI.csproj", "{2D4A9B3C-B4E4-4358-B1CB-031F677CEA71}"
EndProject
Global
	GlobalSection(SolutionConfigurationPlatforms) = preSolution
		Debug|Any CPU = Debug|Any CPU
		Release|Any CPU = Release|Any CPU
	EndGlobalSection
	GlobalSection(ProjectConfigurationPlatforms) = postSolution
		{2D4A9B3C-B4E4-4358-B1CB-031F677CEA71}.Debug|Any CPU.ActiveCfg = Debug|Any CPU
		{2D4A9B3C-B4E4-4358-B1CB-031F677CEA71}.Debug|Any CPU.Build.0 = Debug|Any CPU
		{2D4A9B3C-B4E4-4358-B1CB-031F677CEA71}.Release|Any CPU.ActiveCfg = Release|Any CPU
		{2D4A9B3C-B4E4-4358-B1CB-031F677CEA71}.Release|Any CPU.Build.0 = Release|Any CPU
	EndGlobalSection
	GlobalSection(SolutionProperties) = preSolution
		HideSolutionNode = FALSE
	EndGlobalSection
	GlobalSection(ExtensibilityGlobals) = postSolution
		SolutionGuid = {52990D10-E1CF-40A3-820F-778C51371DF9}
	EndGlobalSection
EndGlobal
